
Microsoft Visual Studio Solution File, Format Version 12.00
# Visual Studio Version 16
VisualStudioVersion = 16.0.33328.57
MinimumVisualStudioVersion = 10.0.40219.1
Project("{FAE04EC0-301F-11D3-BF4B-00C04F79EFBC}") = "Arbo_AVL", "Arbo_AVL\Arbo_AVL.csproj", "{5B4E9D31-80D8-48ED-8858-356F4858053C}"
EndProject
Global
	GlobalSection(SolutionConfigurationPlatforms) = preSolution
		Debug|Any CPU = Debug|Any CPU
		Release|Any CPU = Release|Any CPU
	EndGlobalSection
	GlobalSection(ProjectConfigurationPlatforms) = postSolution
		{5B4E9D31-80D8-48ED-8858-356F4858053C}.Debug|Any CPU.ActiveCfg = Debug|Any CPU
		{5B4E9D31-80D8-48ED-8858-356F4858053C}.Debug|Any CPU.Build.0 = Debug|Any CPU
		{5B4E9D31-80D8-48ED-8858-356F4858053C}.Release|Any CPU.ActiveCfg = Release|Any CPU
		{5B4E9D31-80D8-48ED-8858-356F4858053C}.Release|Any CPU.Build.0 = Release|Any CPU
	EndGlobalSection
	GlobalSection(SolutionProperties) = preSolution
		HideSolutionNode = FALSE
	EndGlobalSection
	GlobalSection(ExtensibilityGlobals) = postSolution
		SolutionGuid = {78380C29-BC36-4269-B576-13BC17298C84}
	EndGlobalSection
EndGlobal
